
Microsoft Visual Studio Solution File, Format Version 12.00
# Visual Studio Express 14 for Web
VisualStudioVersion = 14.0.25420.1
MinimumVisualStudioVersion = 10.0.40219.1
Project("{FAE04EC0-301F-11D3-BF4B-00C04F79EFBC}") = "WebShop", "WebShop\WebShop.csproj", "{4D3E4253-9B59-4324-AA12-AA0D781A8EA0}"
EndProject
Project("{FAE04EC0-301F-11D3-BF4B-00C04F79EFBC}") = "WebShopMVC", "WebShopMVC\WebShopMVC.csproj", "{8B8A4986-C20E-4FB6-9081-BD5F28B309F4}"
EndProject
Global
	GlobalSection(SolutionConfigurationPlatforms) = preSolution
		Debug|Any CPU = Debug|Any CPU
		Release|Any CPU = Release|Any CPU
	EndGlobalSection
	GlobalSection(ProjectConfigurationPlatforms) = postSolution
		{4D3E4253-9B59-4324-AA12-AA0D781A8EA0}.Debug|Any CPU.ActiveCfg = Debug|Any CPU
		{4D3E4253-9B59-4324-AA12-AA0D781A8EA0}.Debug|Any CPU.Build.0 = Debug|Any CPU
		{4D3E4253-9B59-4324-AA12-AA0D781A8EA0}.Release|Any CPU.ActiveCfg = Release|Any CPU
		{4D3E4253-9B59-4324-AA12-AA0D781A8EA0}.Release|Any CPU.Build.0 = Release|Any CPU
		{8B8A4986-C20E-4FB6-9081-BD5F28B309F4}.Debug|Any CPU.ActiveCfg = Debug|Any CPU
		{8B8A4986-C20E-4FB6-9081-BD5F28B309F4}.Debug|Any CPU.Build.0 = Debug|Any CPU
		{8B8A4986-C20E-4FB6-9081-BD5F28B309F4}.Release|Any CPU.ActiveCfg = Release|Any CPU
		{8B8A4986-C20E-4FB6-9081-BD5F28B309F4}.Release|Any CPU.Build.0 = Release|Any CPU
	EndGlobalSection
	GlobalSection(SolutionProperties) = preSolution
		HideSolutionNode = FALSE
	EndGlobalSection
EndGlobal
